
Microsoft Visual Studio Solution File, Format Version 12.00
# Visual Studio Version 17
VisualStudioVersion = 17.9.34616.47
MinimumVisualStudioVersion = 10.0.40219.1
Project("{2150E333-8FDC-42A3-9474-1A3956D46DE8}") = "Frontend", "Frontend", "{DD417988-C51C-408A-B807-CA762AC8C8F7}"
EndProject
Project("{2150E333-8FDC-42A3-9474-1A3956D46DE8}") = "Gateway", "Gateway", "{C60B5746-65BD-48D0-BB58-61C213D2C75B}"
EndProject
Project("{2150E333-8FDC-42A3-9474-1A3956D46DE8}") = "Integration", "Integration", "{25210CC5-C17B-47C4-9B1C-1FB107143C60}"
EndProject
Project("{2150E333-8FDC-42A3-9474-1A3956D46DE8}") = "Services", "Services", "{DE09E41C-7B46-454B-B74F-96DE238B6129}"
EndProject
Project("{FAE04EC0-301F-11D3-BF4B-00C04F79EFBC}") = "Ms.Services.CouponAPI", "Services\Ms.Services.CouponAPI\Ms.Services.CouponAPI.csproj", "{85589279-94FF-4200-B336-0B2485D2FFDE}"
EndProject
Project("{FAE04EC0-301F-11D3-BF4B-00C04F79EFBC}") = "Ms.Web", "Frontend\Ms.Web\Ms.Web.csproj", "{49CD5BB6-3CF2-4705-9255-52C90C763BAF}"
EndProject
Global
	GlobalSection(SolutionConfigurationPlatforms) = preSolution
		Debug|Any CPU = Debug|Any CPU
		Release|Any CPU = Release|Any CPU
	EndGlobalSection
	GlobalSection(ProjectConfigurationPlatforms) = postSolution
		{85589279-94FF-4200-B336-0B2485D2FFDE}.Debug|Any CPU.ActiveCfg = Debug|Any CPU
		{85589279-94FF-4200-B336-0B2485D2FFDE}.Debug|Any CPU.Build.0 = Debug|Any CPU
		{85589279-94FF-4200-B336-0B2485D2FFDE}.Release|Any CPU.ActiveCfg = Release|Any CPU
		{85589279-94FF-4200-B336-0B2485D2FFDE}.Release|Any CPU.Build.0 = Release|Any CPU
		{49CD5BB6-3CF2-4705-9255-52C90C763BAF}.Debug|Any CPU.ActiveCfg = Debug|Any CPU
		{49CD5BB6-3CF2-4705-9255-52C90C763BAF}.Debug|Any CPU.Build.0 = Debug|Any CPU
		{49CD5BB6-3CF2-4705-9255-52C90C763BAF}.Release|Any CPU.ActiveCfg = Release|Any CPU
		{49CD5BB6-3CF2-4705-9255-52C90C763BAF}.Release|Any CPU.Build.0 = Release|Any CPU
	EndGlobalSection
	GlobalSection(SolutionProperties) = preSolution
		HideSolutionNode = FALSE
	EndGlobalSection
	GlobalSection(NestedProjects) = preSolution
		{85589279-94FF-4200-B336-0B2485D2FFDE} = {DE09E41C-7B46-454B-B74F-96DE238B6129}
		{49CD5BB6-3CF2-4705-9255-52C90C763BAF} = {DD417988-C51C-408A-B807-CA762AC8C8F7}
	EndGlobalSection
	GlobalSection(ExtensibilityGlobals) = postSolution
		SolutionGuid = {7764B3FA-B7F3-41BC-901B-F87D1B445D76}
	EndGlobalSection
EndGlobal
